lockfileVersion: '9.0'

settings:
  autoInstallPeers: true
  excludeLinksFromLockfile: false

importers:

  .:
    dependencies:
      jscpd:
        specifier: 5.4.0
        version: 5.4.0

packages:

  jscpd-darwin-arm64@5.4.0:
    resolution: {integrity: sha512-fNIDtNn9WE4YXoFoqf+3tkHb1+GaKKOeKzh77Wx61Gfa9iDxlCv5rO0Fjy7oWmGehUUKqslDaeXXtn/RoDprCg==}
    cpu: [arm64]
    os: [darwin]

  jscpd-darwin-x64@5.4.0:
    resolution: {integrity: sha512-bxlnCVEb69SGIsas1+PaqZyFY8iYVTVjCBxfjVD74UafX115Ysw+oO9LAlsJaGsKUnK8Zsq5bhM33kBHux6bTA==}
    cpu: [x64]
    os: [darwin]

  jscpd-linux-arm64-gnu@5.4.0:
    resolution: {integrity: sha512-c4hX5QjuRyzLFJ+A+jNGHRpGlDvxcx+zzs4RJmZHpl23istuTMIkelwTOWliF4gXOm0RWXDlX/ywWKr9+Lre7w==}
    cpu: [arm64]
    os: [linux]
    libc: [glibc]

  jscpd-linux-arm64-musl@5.4.0:
    resolution: {integrity: sha512-p4FUCNyL8WPTlizdZqfjontFwJ/+jnERYM2+YX2miYvm0NxzsIi23MhfzPl/eUHxkiT5wethV0NRYEAkJr999Q==}
    cpu: [arm64]
    os: [linux]
    libc: [musl]

  jscpd-linux-x64-gnu@5.4.0:
    resolution: {integrity: sha512-44NXS0gtYbjBCc53Gwilgj7PPwnWv9YTF/rGc0ZfnFcpzSoOKKU11yH+qHfCVie1hHte1wHyZ1f9Kjc8nGe2/g==}
    cpu: [x64]
    os: [linux]
    libc: [glibc]

  jscpd-linux-x64-musl@5.4.0:
    resolution: {integrity: sha512-m9XHj14Zwia9RjWDkHDrl6VJ3W/b7m8qjFqjhcJ668Vkxoj4Ri/qeo0bo6is+fSw+bYxYexV6xxqIKRDolc8Lg==}
    cpu: [x64]
    os: [linux]
    libc: [musl]

  jscpd-windows-arm64-msvc@5.4.0:
    resolution: {integrity: sha512-AoP5RXyb9gIf8xmFwAc+Rgh4XJNyX1upcD+R1A6u4XjsDo2/oF+KKB4dtKnG2DbFQ+0fyFg/ClOcw+asQZJfPg==}
    cpu: [arm64]
    os: [win32]

  jscpd-windows-x64-msvc@5.4.0:
    resolution: {integrity: sha512-dYkb5mAo5i7fjrtf2Ft6z9a/I38RJMd4JirEgJiW2BIv5pAGmfMVPDy1xEXL3hJqraXzeMIfnzqJFanefCyC6g==}
    cpu: [x64]
    os: [win32]

  jscpd@5.4.0:
    resolution: {integrity: sha512-6mU8OHff4rPJ3D5lIsQns82/aQhDas22gMsGurHx1wcrfXWOZDNaobi6rKhLevo+77ntWKUXOwtM6lcrkJeL7w==}
    engines: {node: '>=18'}
    hasBin: true

snapshots:

  jscpd-darwin-arm64@5.4.0:
    optional: true

  jscpd-darwin-x64@5.4.0:
    optional: true

  jscpd-linux-arm64-gnu@5.4.0:
    optional: true

  jscpd-linux-arm64-musl@5.4.0:
    optional: true

  jscpd-linux-x64-gnu@5.4.0:
    optional: true

  jscpd-linux-x64-musl@5.4.0:
    optional: true

  jscpd-windows-arm64-msvc@5.4.0:
    optional: true

  jscpd-windows-x64-msvc@5.4.0:
    optional: true

  jscpd@5.4.0:
    optionalDependencies:
      jscpd-darwin-arm64: 5.4.0
      jscpd-darwin-x64: 5.4.0
      jscpd-linux-arm64-gnu: 5.4.0
      jscpd-linux-arm64-musl: 5.4.0
      jscpd-linux-x64-gnu: 5.4.0
      jscpd-linux-x64-musl: 5.4.0
      jscpd-windows-arm64-msvc: 5.4.0
      jscpd-windows-x64-msvc: 5.4.0
